
Microsoft Visual Studio Solution File, Format Version 12.00
# Visual Studio Version 17
VisualStudioVersion = 17.0.32112.339
MinimumVisualStudioVersion = 10.0.40219.1
Project("{FAE04EC0-301F-11D3-BF4B-00C04F79EFBC}") = "Exceptions", "Exceptions\Exceptions.csproj", "{F298F3D8-AA98-4EB9-9E45-1845ADCFDA36}"
EndProject
Global
	GlobalSection(SolutionConfigurationPlatforms) = preSolution
		Debug|Any CPU = Debug|Any CPU
		Release|Any CPU = Release|Any CPU
	EndGlobalSection
	GlobalSection(ProjectConfigurationPlatforms) = postSolution
		{F298F3D8-AA98-4EB9-9E45-1845ADCFDA36}.Debug|Any CPU.ActiveCfg = Debug|Any CPU
		{F298F3D8-AA98-4EB9-9E45-1845ADCFDA36}.Debug|Any CPU.Build.0 = Debug|Any CPU
		{F298F3D8-AA98-4EB9-9E45-1845ADCFDA36}.Release|Any CPU.ActiveCfg = Release|Any CPU
		{F298F3D8-AA98-4EB9-9E45-1845ADCFDA36}.Release|Any CPU.Build.0 = Release|Any CPU
	EndGlobalSection
	GlobalSection(SolutionProperties) = preSolution
		HideSolutionNode = FALSE
	EndGlobalSection
	GlobalSection(ExtensibilityGlobals) = postSolution
		SolutionGuid = {DCF3E2D5-3834-49F8-AFAA-51014D04CE58}
	EndGlobalSection
EndGlobal
